
Microsoft Visual Studio Solution File, Format Version 12.00
# Visual Studio Version 17
VisualStudioVersion = 17.3.32811.315
MinimumVisualStudioVersion = 10.0.40219.1
Project("{9A19103F-16F7-4668-BE54-9A1E7A4F7556}") = "vietlott", "vietlott\vietlott.csproj", "{A60B6F8B-13B5-4724-85B5-83349DECCF7B}"
EndProject
Project("{FAE04EC0-301F-11D3-BF4B-00C04F79EFBC}") = "DataAccess", "DataAccess\DataAccess.csproj", "{010AB5BB-9A4E-4AD1-9DB2-DD6FCE45763F}"
EndProject
Project("{FAE04EC0-301F-11D3-BF4B-00C04F79EFBC}") = "Services", "Services\Services.csproj", "{5B89364F-FF13-47F3-A585-6ED924411272}"
EndProject
Global
	GlobalSection(SolutionConfigurationPlatforms) = preSolution
		Debug|Any CPU = Debug|Any CPU
		Release|Any CPU = Release|Any CPU
	EndGlobalSection
	GlobalSection(ProjectConfigurationPlatforms) = postSolution
		{A60B6F8B-13B5-4724-85B5-83349DECCF7B}.Debug|Any CPU.ActiveCfg = Debug|Any CPU
		{A60B6F8B-13B5-4724-85B5-83349DECCF7B}.Debug|Any CPU.Build.0 = Debug|Any CPU
		{A60B6F8B-13B5-4724-85B5-83349DECCF7B}.Release|Any CPU.ActiveCfg = Release|Any CPU
		{A60B6F8B-13B5-4724-85B5-83349DECCF7B}.Release|Any CPU.Build.0 = Release|Any CPU
		{010AB5BB-9A4E-4AD1-9DB2-DD6FCE45763F}.Debug|Any CPU.ActiveCfg = Debug|Any CPU
		{010AB5BB-9A4E-4AD1-9DB2-DD6FCE45763F}.Debug|Any CPU.Build.0 = Debug|Any CPU
		{010AB5BB-9A4E-4AD1-9DB2-DD6FCE45763F}.Release|Any CPU.ActiveCfg = Release|Any CPU
		{010AB5BB-9A4E-4AD1-9DB2-DD6FCE45763F}.Release|Any CPU.Build.0 = Release|Any CPU
		{5B89364F-FF13-47F3-A585-6ED924411272}.Debug|Any CPU.ActiveCfg = Debug|Any CPU
		{5B89364F-FF13-47F3-A585-6ED924411272}.Debug|Any CPU.Build.0 = Debug|Any CPU
		{5B89364F-FF13-47F3-A585-6ED924411272}.Release|Any CPU.ActiveCfg = Release|Any CPU
		{5B89364F-FF13-47F3-A585-6ED924411272}.Release|Any CPU.Build.0 = Release|Any CPU
	EndGlobalSection
	GlobalSection(SolutionProperties) = preSolution
		HideSolutionNode = FALSE
	EndGlobalSection
	GlobalSection(ExtensibilityGlobals) = postSolution
		SolutionGuid = {EF0DD618-269F-4D08-8B60-D7801B2A79DE}
	EndGlobalSection
EndGlobal
